// !$*UTF8*$!
{
	archiveVersion = 1;
	classes = {
	};
	objectVersion = 50;
	objects = {

/* Begin PBXBuildFile section */
		BB4524E124847B160048A789 /* AppDelegate.m in Sources */ = {isa = PBXBuildFile; fileRef = BB4524E024847B160048A789 /* AppDelegate.m */; };
		BB4524E424847B160048A789 /* ViewController.m in Sources */ = {isa = PBXBuildFile; fileRef = BB4524E324847B160048A789 /* ViewController.m */; };
		BB4524E724847B160048A789 /* Main.storyboard in Resources */ = {isa = PBXBuildFile; fileRef = BB4524E524847B160048A789 /* Main.storyboard */; };
		BB4524E924847B180048A789 /* Assets.xcassets in Resources */ = {isa = PBXBuildFile; fileRef = BB4524E824847B180048A789 /* Assets.xcassets */; };
		BB4524EC24847B180048A789 /* LaunchScreen.storyboard in Resources */ = {isa = PBXBuildFile; fileRef = BB4524EA24847B180048A789 /* LaunchScreen.storyboard */; };
		BB4524EF24847B180048A789 /* main.m in Sources */ = {isa = PBXBuildFile; fileRef = BB4524EE24847B180048A789 /* main.m */; };
		BB4524F924847B180048A789 /* ContactsTests.m in Sources */ = {isa = PBXBuildFile; fileRef = BB4524F824847B180048A789 /* ContactsTests.m */; };
		BB45250424847B190048A789 /* ContactsUITests.m in Sources */ = {isa = PBXBuildFile; fileRef = BB45250324847B190048A789 /* ContactsUITests.m */; };
		BB4525132484868F0048A789 /* Contact.m in Sources */ = {isa = PBXBuildFile; fileRef = BB4525122484868F0048A789 /* Contact.m */; };
/* End PBXBuildFile section */

/* Begin PBXContainerItemProxy section */
		BB4524F524847B180048A789 /* PBXContainerItemProxy */ = {
			isa = PBXContainerItemProxy;
			containerPortal = BB4524D424847B160048A789 /* Project object */;
			proxyType = 1;
			remoteGlobalIDString = BB4524DB24847B160048A789;
			remoteInfo = Contacts;
		};
		BB45250024847B190048A789 /* PBXContainerItemProxy */ = {
			isa = PBXContainerItemProxy;
			containerPortal = BB4524D424847B160048A789 /* Project object */;
			proxyType = 1;
			remoteGlobalIDString = BB4524DB24847B160048A789;
			remoteInfo = Contacts;
		};
/* End PBXContainerItemProxy section */

/* Begin PBXFileReference section */
		BB4524DC24847B160048A789 /* Contacts.app */ = {isa = PBXFileReference; explicitFileType = wrapper.application; includeInIndex = 0; path = Contacts.app; sourceTree = BUILT_PRODUCTS_DIR; };
		BB4524DF24847B160048A789 /* AppDelegate.h */ = {isa = PBXFileReference; lastKnownFileType = sourcecode.c.h; path = AppDelegate.h; sourceTree = "<group>"; };
		BB4524E024847B160048A789 /* AppDelegate.m */ = {isa = PBXFileReference; lastKnownFileType = sourcecode.c.objc; path = AppDelegate.m; sourceTree = "<group>"; };
		BB4524E224847B160048A789 /* ViewController.h */ = {isa = PBXFileReference; lastKnownFileType = sourcecode.c.h; path = ViewController.h; sourceTree = "<group>"; };
		BB4524E324847B160048A789 /* ViewController.m */ = {isa = PBXFileReference; lastKnownFileType = sourcecode.c.objc; path = ViewController.m; sourceTree = "<group>"; };
		BB4524E624847B160048A789 /* Base */ = {isa = PBXFileReference; lastKnownFileType = file.storyboard; name = Base; path = Base.lproj/Main.storyboard; sourceTree = "<group>"; };
		BB4524E824847B180048A789 /* Assets.xcassets */ = {isa = PBXFileReference; lastKnownFileType = folder.assetcatalog; path = Assets.xcassets; sourceTree = "<group>"; };
		BB4524EB24847B180048A789 /* Base */ = {isa = PBXFileReference; lastKnownFileType = file.storyboard; name = Base; path = Base.lproj/LaunchScreen.storyboard; sourceTree = "<group>"; };
		BB4524ED24847B180048A789 /* Info.plist */ = {isa = PBXFileReference; lastKnownFileType = text.plist.xml; path = Info.plist; sourceTree = "<group>"; };
		BB4524EE24847B180048A789 /* main.m */ = {isa = PBXFileReference; lastKnownFileType = sourcecode.c.objc; path = main.m; sourceTree = "<group>"; };
		BB4524F424847B180048A789 /* ContactsTests.xctest */ = {isa = PBXFileReference; explicitFileType = wrapper.cfbundle; includeInIndex = 0; path = ContactsTests.xctest; sourceTree = BUILT_PRODUCTS_DIR; };
		BB4524F824847B180048A789 /* ContactsTests.m */ = {isa = PBXFileReference; lastKnownFileType = sourcecode.c.objc; path = ContactsTests.m; sourceTree = "<group>"; };
		BB4524FA24847B180048A789 /* Info.plist */ = {isa = PBXFileReference; lastKnownFileType = text.plist.xml; path = Info.plist; sourceTree = "<group>"; };
		BB4524FF24847B190048A789 /* ContactsUITests.xctest */ = {isa = PBXFileReference; explicitFileType = wrapper.cfbundle; includeInIndex = 0; path = ContactsUITests.xctest; sourceTree = BUILT_PRODUCTS_DIR; };
		BB45250324847B190048A789 /* ContactsUITests.m */ = {isa = PBXFileReference; lastKnownFileType = sourcecode.c.objc; path = ContactsUITests.m; sourceTree = "<group>"; };
		BB45250524847B190048A789 /* Info.plist */ = {isa = PBXFileReference; lastKnownFileType = text.plist.xml; path = Info.plist; sourceTree = "<group>"; };
		BB4525112484868F0048A789 /* Contact.h */ = {isa = PBXFileReference; lastKnownFileType = sourcecode.c.h; path = Contact.h; sourceTree = "<group>"; };
		BB4525122484868F0048A789 /* Contact.m */ = {isa = PBXFileReference; lastKnownFileType = sourcecode.c.objc; path = Contact.m; sourceTree = "<group>"; };
/* End PBXFileReference section */

/* Begin PBXFrameworksBuildPhase section */
		BB4524D924847B160048A789 /* Frameworks */ = {
			isa = PBXFrameworksBuildPhase;
			buildActionMask = 2147483647;
			files = (
			);
			runOnlyForDeploymentPostprocessing = 0;
		};
		BB4524F124847B180048A789 /* Frameworks */ = {
			isa = PBXFrameworksBuildPhase;
			buildActionMask = 2147483647;
			files = (
			);
			runOnlyForDeploymentPostprocessing = 0;
		};
		BB4524FC24847B190048A789 /* Frameworks */ = {
			isa = PBXFrameworksBuildPhase;
			buildActionMask = 2147483647;
			files = (
			);
			runOnlyForDeploymentPostprocessing = 0;
		};
/* End PBXFrameworksBuildPhase section */

/* Begin PBXGroup section */
		BB4524D324847B160048A789 = {
			isa = PBXGroup;
			children = (
				BB4524DE24847B160048A789 /* Contacts */,
				BB4524F724847B180048A789 /* ContactsTests */,
				BB45250224847B190048A789 /* ContactsUITests */,
				BB4524DD24847B160048A789 /* Products */,
			);
			sourceTree = "<group>";
		};
		BB4524DD24847B160048A789 /* Products */ = {
			isa = PBXGroup;
			children = (
				BB4524DC24847B160048A789 /* Contacts.app */,
				BB4524F424847B180048A789 /* ContactsTests.xctest */,
				BB4524FF24847B190048A789 /* ContactsUITests.xctest */,
			);
			name = Products;
			sourceTree = "<group>";
		};
		BB4524DE24847B160048A789 /* Contacts */ = {
			isa = PBXGroup;
			children = (
				BB4524DF24847B160048A789 /* AppDelegate.h */,
				BB4524E024847B160048A789 /* AppDelegate.m */,
				BB4524E224847B160048A789 /* ViewController.h */,
				BB4524E324847B160048A789 /* ViewController.m */,
				BB4525112484868F0048A789 /* Contact.h */,
				BB4525122484868F0048A789 /* Contact.m */,
				BB4524E524847B160048A789 /* Main.storyboard */,
				BB4524E824847B180048A789 /* Assets.xcassets */,
				BB4524EA24847B180048A789 /* LaunchScreen.storyboard */,
				BB4524ED24847B180048A789 /* Info.plist */,
				BB4524EE24847B180048A789 /* main.m */,
			);
			path = Contacts;
			sourceTree = "<group>";
		};
		BB4524F724847B180048A789 /* ContactsTests */ = {
			isa = PBXGroup;
			children = (
				BB4524F824847B180048A789 /* ContactsTests.m */,
				BB4524FA24847B180048A789 /* Info.plist */,
			);
			path = ContactsTests;
			sourceTree = "<group>";
		};
		BB45250224847B190048A789 /* ContactsUITests */ = {
			isa = PBXGroup;
			children = (
				BB45250324847B190048A789 /* ContactsUITests.m */,
				BB45250524847B190048A789 /* Info.plist */,
			);
			path = ContactsUITests;
			sourceTree = "<group>";
		};
/* End PBXGroup section */

/* Begin PBXNativeTarget section */
		BB4524DB24847B160048A789 /* Contacts */ = {
			isa = PBXNativeTarget;
			buildConfigurationList = BB45250824847B190048A789 /* Build configuration list for PBXNativeTarget "Contacts" */;
			buildPhases = (
				BB4524D824847B160048A789 /* Sources */,
				BB4524D924847B160048A789 /* Frameworks */,
				BB4524DA24847B160048A789 /* Resources */,
			);
			buildRules = (
			);
			dependencies = (
			);
			name = Contacts;
			productName = Contacts;
			productReference = BB4524DC24847B160048A789 /* Contacts.app */;
			productType = "com.apple.product-type.application";
		};
		BB4524F324847B180048A789 /* ContactsTests */ = {
			isa = PBXNativeTarget;
			buildConfigurationList = BB45250B24847B190048A789 /* Build configuration list for PBXNativeTarget "ContactsTests" */;
			buildPhases = (
				BB4524F024847B180048A789 /* Sources */,
				BB4524F124847B180048A789 /* Frameworks */,
				BB4524F224847B180048A789 /* Resources */,
			);
			buildRules = (
			);
			dependencies = (
				BB4524F624847B180048A789 /* PBXTargetDependency */,
			);
			name = ContactsTests;
			productName = ContactsTests;
			productReference = BB4524F424847B180048A789 /* ContactsTests.xctest */;
			productType = "com.apple.product-type.bundle.unit-test";
		};
		BB4524FE24847B190048A789 /* ContactsUITests */ = {
			isa = PBXNativeTarget;
			buildConfigurationList = BB45250E24847B190048A789 /* Build configuration list for PBXNativeTarget "ContactsUITests" */;
			buildPhases = (
				BB4524FB24847B190048A789 /* Sources */,
				BB4524FC24847B190048A789 /* Frameworks */,
				BB4524FD24847B190048A789 /* Resources */,
			);
			buildRules = (
			);
			dependencies = (
				BB45250124847B190048A789 /* PBXTargetDependency */,
			);
			name = ContactsUITests;
			productName = ContactsUITests;
			productReference = BB4524FF24847B190048A789 /* ContactsUITests.xctest */;
			productType = "com.apple.product-type.bundle.ui-testing";
		};
/* End PBXNativeTarget section */

/* Begin PBXProject section */
		BB4524D424847B160048A789 /* Project object */ = {
			isa = PBXProject;
			attributes = {
				LastUpgradeCheck = 1030;
				ORGANIZATIONNAME = "Akinn Rosa";
				TargetAttributes = {
					BB4524DB24847B160048A789 = {
						CreatedOnToolsVersion = 10.3;
					};
					BB4524F324847B180048A789 = {
						CreatedOnToolsVersion = 10.3;
						TestTargetID = BB4524DB24847B160048A789;
					};
					BB4524FE24847B190048A789 = {
						CreatedOnToolsVersion = 10.3;
						TestTargetID = BB4524DB24847B160048A789;
					};
				};
			};
			buildConfigurationList = BB4524D724847B160048A789 /* Build configuration list for PBXProject "Contacts" */;
			compatibilityVersion = "Xcode 9.3";
			developmentRegion = en;
			hasScannedForEncodings = 0;
			knownRegions = (
				en,
				Base,
			);
			mainGroup = BB4524D324847B160048A789;
			productRefGroup = BB4524DD24847B160048A789 /* Products */;
			projectDirPath = "";
			projectRoot = "";
			targets = (
				BB4524DB24847B160048A789 /* Contacts */,
				BB4524F324847B180048A789 /* ContactsTests */,
				BB4524FE24847B190048A789 /* ContactsUITests */,
			);
		};
/* End PBXProject section */

/* Begin PBXResourcesBuildPhase section */
		BB4524DA24847B160048A789 /* Resources */ = {
			isa = PBXResourcesBuildPhase;
			buildActionMask = 2147483647;
			files = (
				BB4524EC24847B180048A789 /* LaunchScreen.storyboard in Resources */,
				BB4524E924847B180048A789 /* Assets.xcassets in Resources */,
				BB4524E724847B160048A789 /* Main.storyboard in Resources */,
			);
			runOnlyForDeploymentPostprocessing = 0;
		};
		BB4524F224847B180048A789 /* Resources */ = {
			isa = PBXResourcesBuildPhase;
			buildActionMask = 2147483647;
			files = (
			);
			runOnlyForDeploymentPostprocessing = 0;
		};
		BB4524FD24847B190048A789 /* Resources */ = {
			isa = PBXResourcesBuildPhase;
			buildActionMask = 2147483647;
			files = (
			);
			runOnlyForDeploymentPostprocessing = 0;
		};
/* End PBXResourcesBuildPhase section */

/* Begin PBXSourcesBuildPhase section */
		BB4524D824847B160048A789 /* Sources */ = {
			isa = PBXSourcesBuildPhase;
			buildActionMask = 2147483647;
			files = (
				BB4525132484868F0048A789 /* Contact.m in Sources */,
				BB4524E424847B160048A789 /* ViewController.m in Sources */,
				BB4524EF24847B180048A789 /* main.m in Sources */,
				BB4524E124847B160048A789 /* AppDelegate.m in Sources */,
			);
			runOnlyForDeploymentPostprocessing = 0;
		};
		BB4524F024847B180048A789 /* Sources */ = {
			isa = PBXSourcesBuildPhase;
			buildActionMask = 2147483647;
			files = (
				BB4524F924847B180048A789 /* ContactsTests.m in Sources */,
			);
			runOnlyForDeploymentPostprocessing = 0;
		};
		BB4524FB24847B190048A789 /* Sources */ = {
			isa = PBXSourcesBuildPhase;
			buildActionMask = 2147483647;
			files = (
				BB45250424847B190048A789 /* ContactsUITests.m in Sources */,
			);
			runOnlyForDeploymentPostprocessing = 0;
		};
/* End PBXSourcesBuildPhase section */

/* Begin PBXTargetDependency section */
		BB4524F624847B180048A789 /* PBXTargetDependency */ = {
			isa = PBXTargetDependency;
			target = BB4524DB24847B160048A789 /* Contacts */;
			targetProxy = BB4524F524847B180048A789 /* PBXContainerItemProxy */;
		};
		BB45250124847B190048A789 /* PBXTargetDependency */ = {
			isa = PBXTargetDependency;
			target = BB4524DB24847B160048A789 /* Contacts */;
			targetProxy = BB45250024847B190048A789 /* PBXContainerItemProxy */;
		};
/* End PBXTargetDependency section */

/* Begin PBXVariantGroup section */
		BB4524E524847B160048A789 /* Main.storyboard */ = {
			isa = PBXVariantGroup;
			children = (
				BB4524E624847B160048A789 /* Base */,
			);
			name = Main.storyboard;
			sourceTree = "<group>";
		};
		BB4524EA24847B180048A789 /* LaunchScreen.storyboard */ = {
			isa = PBXVariantGroup;
			children = (
				BB4524EB24847B180048A789 /* Base */,
			);
			name = LaunchScreen.storyboard;
			sourceTree = "<group>";
		};
/* End PBXVariantGroup section */

/* Begin XCBuildConfiguration section */
		BB45250624847B190048A789 /* Debug */ = {
			isa = XCBuildConfiguration;
			buildSettings = {
				ALWAYS_SEARCH_USER_PATHS = NO;
				CLANG_ANALYZER_NONNULL = YES;
				CLANG_ANALYZER_NUMBER_OBJECT_CONVERSION = YES_AGGRESSIVE;
				CLANG_CXX_LANGUAGE_STANDARD = "gnu++14";
				CLANG_CXX_LIBRARY = "libc++";
				CLANG_ENABLE_MODULES = YES;
				CLANG_ENABLE_OBJC_ARC = YES;
				CLANG_ENABLE_OBJC_WEAK = YES;
				CLANG_WARN_BLOCK_CAPTURE_AUTORELEASING = YES;
				CLANG_WARN_BOOL_CONVERSION = YES;
				CLANG_WARN_COMMA = YES;
				CLANG_WARN_CONSTANT_CONVERSION = YES;
				CLANG_WARN_DEPRECATED_OBJC_IMPLEMENTATIONS = YES;
				CLANG_WARN_DIRECT_OBJC_ISA_USAGE = YES_ERROR;
				CLANG_WARN_DOCUMENTATION_COMMENTS = YES;
				CLANG_WARN_EMPTY_BODY = YES;
				CLANG_WARN_ENUM_CONVERSION = YES;
				CLANG_WARN_INFINITE_RECURSION = YES;
				CLANG_WARN_INT_CONVERSION = YES;
				CLANG_WARN_NON_LITERAL_NULL_CONVERSION = YES;
				CLANG_WARN_OBJC_IMPLICIT_RETAIN_SELF = YES;
				CLANG_WARN_OBJC_LITERAL_CONVERSION = YES;
				CLANG_WARN_OBJC_ROOT_CLASS = YES_ERROR;
				CLANG_WARN_RANGE_LOOP_ANALYSIS = YES;
				CLANG_WARN_STRICT_PROTOTYPES = YES;
				CLANG_WARN_SUSPICIOUS_MOVE = YES;
				CLANG_WARN_UNGUARDED_AVAILABILITY = YES_AGGRESSIVE;
				CLANG_WARN_UNREACHABLE_CODE = YES;
				CLANG_WARN__DUPLICATE_METHOD_MATCH = YES;
				CODE_SIGN_IDENTITY = "iPhone Developer";
				COPY_PHASE_STRIP = NO;
				DEBUG_INFORMATION_FORMAT = dwarf;
				ENABLE_STRICT_OBJC_MSGSEND = YES;
				ENABLE_TESTABILITY = YES;
				GCC_C_LANGUAGE_STANDARD = gnu11;
				GCC_DYNAMIC_NO_PIC = NO;
				GCC_NO_COMMON_BLOCKS = YES;
				GCC_OPTIMIZATION_LEVEL = 0;
				GCC_PREPROCESSOR_DEFINITIONS = (
					"DEBUG=1",
					"$(inherited)",
				);
				GCC_WARN_64_TO_32_BIT_CONVERSION = YES;
				GCC_WARN_ABOUT_RETURN_TYPE = YES_ERROR;
				GCC_WARN_UNDECLARED_SELECTOR = YES;
				GCC_WARN_UNINITIALIZED_AUTOS = YES_AGGRESSIVE;
				GCC_WARN_UNUSED_FUNCTION = YES;
				GCC_WARN_UNUSED_VARIABLE = YES;
				IPHONEOS_DEPLOYMENT_TARGET = 12.4;
				MTL_ENABLE_DEBUG_INFO = INCLUDE_SOURCE;
				MTL_FAST_MATH = YES;
				ONLY_ACTIVE_ARCH = YES;
				SDKROOT = iphoneos;
			};
			name = Debug;
		};
		BB45250724847B190048A789 /* Release */ = {
			isa = XCBuildConfiguration;
			buildSettings = {
				ALWAYS_SEARCH_USER_PATHS = NO;
				CLANG_ANALYZER_NONNULL = YES;
				CLANG_ANALYZER_NUMBER_OBJECT_CONVERSION = YES_AGGRESSIVE;
				CLANG_CXX_LANGUAGE_STANDARD = "gnu++14";
				CLANG_CXX_LIBRARY = "libc++";
				CLANG_ENABLE_MODULES = YES;
				CLANG_ENABLE_OBJC_ARC = YES;
				CLANG_ENABLE_OBJC_WEAK = YES;
				CLANG_WARN_BLOCK_CAPTURE_AUTORELEASING = YES;
				CLANG_WARN_BOOL_CONVERSION = YES;
				CLANG_WARN_COMMA = YES;
				CLANG_WARN_CONSTANT_CONVERSION = YES;
				CLANG_WARN_DEPRECATED_OBJC_IMPLEMENTATIONS = YES;
				CLANG_WARN_DIRECT_OBJC_ISA_USAGE = YES_ERROR;
				CLANG_WARN_DOCUMENTATION_COMMENTS = YES;
				CLANG_WARN_EMPTY_BODY = YES;
				CLANG_WARN_ENUM_CONVERSION = YES;
				CLANG_WARN_INFINITE_RECURSION = YES;
				CLANG_WARN_INT_CONVERSION = YES;
				CLANG_WARN_NON_LITERAL_NULL_CONVERSION = YES;
				CLANG_WARN_OBJC_IMPLICIT_RETAIN_SELF = YES;
				CLANG_WARN_OBJC_LITERAL_CONVERSION = YES;
				CLANG_WARN_OBJC_ROOT_CLASS = YES_ERROR;
				CLANG_WARN_RANGE_LOOP_ANALYSIS = YES;
				CLANG_WARN_STRICT_PROTOTYPES = YES;
				CLANG_WARN_SUSPICIOUS_MOVE = YES;
				CLANG_WARN_UNGUARDED_AVAILABILITY = YES_AGGRESSIVE;
				CLANG_WARN_UNREACHABLE_CODE = YES;
				CLANG_WARN__DUPLICATE_METHOD_MATCH = YES;
				CODE_SIGN_IDENTITY = "iPhone Developer";
				COPY_PHASE_STRIP = NO;
				DEBUG_INFORMATION_FORMAT = "dwarf-with-dsym";
				ENABLE_NS_ASSERTIONS = NO;
				ENABLE_STRICT_OBJC_MSGSEND = YES;
				GCC_C_LANGUAGE_STANDARD = gnu11;
				GCC_NO_COMMON_BLOCKS = YES;
				GCC_WARN_64_TO_32_BIT_CONVERSION = YES;
				GCC_WARN_ABOUT_RETURN_TYPE = YES_ERROR;
				GCC_WARN_UNDECLARED_SELECTOR = YES;
				GCC_WARN_UNINITIALIZED_AUTOS = YES_AGGRESSIVE;
				GCC_WARN_UNUSED_FUNCTION = YES;
				GCC_WARN_UNUSED_VARIABLE = YES;
				IPHONEOS_DEPLOYMENT_TARGET = 12.4;
				MTL_ENABLE_DEBUG_INFO = NO;
				MTL_FAST_MATH = YES;
				SDKROOT = iphoneos;
				VALIDATE_PRODUCT = YES;
			};
			name = Release;
		};
		BB45250924847B190048A789 /* Debug */ = {
			isa = XCBuildConfiguration;
			buildSettings = {
				ASSETCATALOG_COMPILER_APPICON_NAME = AppIcon;
				CODE_SIGN_STYLE = Automatic;
				DEVELOPMENT_TEAM = N7JHHFTXZM;
				INFOPLIST_FILE = Contacts/Info.plist;
				LD_RUNPATH_SEARCH_PATHS = (
					"$(inherited)",
					"@executable_path/Frameworks",
				);
				PRODUCT_BUNDLE_IDENTIFIER = akinn.Contacts;
				PRODUCT_NAME = "$(TARGET_NAME)";
				TARGETED_DEVICE_FAMILY = "1,2";
			};
			name = Debug;
		};
		BB45250A24847B190048A789 /* Release */ = {
			isa = XCBuildConfiguration;
			buildSettings = {
				ASSETCATALOG_COMPILER_APPICON_NAME = AppIcon;
				CODE_SIGN_STYLE = Automatic;
				DEVELOPMENT_TEAM = N7JHHFTXZM;
				INFOPLIST_FILE = Contacts/Info.plist;
				LD_RUNPATH_SEARCH_PATHS = (
					"$(inherited)",
					"@executable_path/Frameworks",
				);
				PRODUCT_BUNDLE_IDENTIFIER = akinn.Contacts;
				PRODUCT_NAME = "$(TARGET_NAME)";
				TARGETED_DEVICE_FAMILY = "1,2";
			};
			name = Release;
		};
		BB45250C24847B190048A789 /* Debug */ = {
			isa = XCBuildConfiguration;
			buildSettings = {
				BUNDLE_LOADER = "$(TEST_HOST)";
				CODE_SIGN_STYLE = Automatic;
				DEVELOPMENT_TEAM = N7JHHFTXZM;
				INFOPLIST_FILE = ContactsTests/Info.plist;
				LD_RUNPATH_SEARCH_PATHS = (
					"$(inherited)",
					"@executable_path/Frameworks",
					"@loader_path/Frameworks",
				);
				PRODUCT_BUNDLE_IDENTIFIER = akinn.ContactsTests;
				PRODUCT_NAME = "$(TARGET_NAME)";
				TARGETED_DEVICE_FAMILY = "1,2";
				TEST_HOST = "$(BUILT_PRODUCTS_DIR)/Contacts.app/Contacts";
			};
			name = Debug;
		};
		BB45250D24847B190048A789 /* Release */ = {
			isa = XCBuildConfiguration;
			buildSettings = {
				BUNDLE_LOADER = "$(TEST_HOST)";
				CODE_SIGN_STYLE = Automatic;
				DEVELOPMENT_TEAM = N7JHHFTXZM;
				INFOPLIST_FILE = ContactsTests/Info.plist;
				LD_RUNPATH_SEARCH_PATHS = (
					"$(inherited)",
					"@executable_path/Frameworks",
					"@loader_path/Frameworks",
				);
				PRODUCT_BUNDLE_IDENTIFIER = akinn.ContactsTests;
				PRODUCT_NAME = "$(TARGET_NAME)";
				TARGETED_DEVICE_FAMILY = "1,2";
				TEST_HOST = "$(BUILT_PRODUCTS_DIR)/Contacts.app/Contacts";
			};
			name = Release;
		};
		BB45250F24847B190048A789 /* Debug */ = {
			isa = XCBuildConfiguration;
			buildSettings = {
				CODE_SIGN_STYLE = Automatic;
				DEVELOPMENT_TEAM = N7JHHFTXZM;
				INFOPLIST_FILE = ContactsUITests/Info.plist;
				LD_RUNPATH_SEARCH_PATHS = (
					"$(inherited)",
					"@executable_path/Frameworks",
					"@loader_path/Frameworks",
				);
				PRODUCT_BUNDLE_IDENTIFIER = akinn.ContactsUITests;
				PRODUCT_NAME = "$(TARGET_NAME)";
				TARGETED_DEVICE_FAMILY = "1,2";
				TEST_TARGET_NAME = Contacts;
			};
			name = Debug;
		};
		BB45251024847B190048A789 /* Release */ = {
			isa = XCBuildConfiguration;
			buildSettings = {
				CODE_SIGN_STYLE = Automatic;
				DEVELOPMENT_TEAM = N7JHHFTXZM;
				INFOPLIST_FILE = ContactsUITests/Info.plist;
				LD_RUNPATH_SEARCH_PATHS = (
					"$(inherited)",
					"@executable_path/Frameworks",
					"@loader_path/Frameworks",
				);
				PRODUCT_BUNDLE_IDENTIFIER = akinn.ContactsUITests;
				PRODUCT_NAME = "$(TARGET_NAME)";
				TARGETED_DEVICE_FAMILY = "1,2";
				TEST_TARGET_NAME = Contacts;
			};
			name = Release;
		};
/* End XCBuildConfiguration section */

/* Begin XCConfigurationList section */
		BB4524D724847B160048A789 /* Build configuration list for PBXProject "Contacts" */ = {
			isa = XCConfigurationList;
			buildConfigurations = (
				BB45250624847B190048A789 /* Debug */,
				BB45250724847B190048A789 /* Release */,
			);
			defaultConfigurationIsVisible = 0;
			defaultConfigurationName = Release;
		};
		BB45250824847B190048A789 /* Build configuration list for PBXNativeTarget "Contacts" */ = {
			isa = XCConfigurationList;
			buildConfigurations = (
				BB45250924847B190048A789 /* Debug */,
				BB45250A24847B190048A789 /* Release */,
			);
			defaultConfigurationIsVisible = 0;
			defaultConfigurationName = Release;
		};
		BB45250B24847B190048A789 /* Build configuration list for PBXNativeTarget "ContactsTests" */ = {
			isa = XCConfigurationList;
			buildConfigurations = (
				BB45250C24847B190048A789 /* Debug */,
				BB45250D24847B190048A789 /* Release */,
			);
			defaultConfigurationIsVisible = 0;
			defaultConfigurationName = Release;
		};
		BB45250E24847B190048A789 /* Build configuration list for PBXNativeTarget "ContactsUITests" */ = {
			isa = XCConfigurationList;
			buildConfigurations = (
				BB45250F24847B190048A789 /* Debug */,
				BB45251024847B190048A789 /* Release */,
			);
			defaultConfigurationIsVisible = 0;
			defaultConfigurationName = Release;
		};
/* End XCConfigurationList section */
	};
	rootObject = BB4524D424847B160048A789 /* Project object */;
}
